
Microsoft Visual Studio Solution File, Format Version 12.00
Project("{FAE04EC0-301F-11D3-BF4B-00C04F79EFBC}") = "HackerNews.API", "HackerNews.API\HackerNews.API.csproj", "{5911E294-AF14-40ED-9470-B089F5DE5227}"
EndProject
Project("{FAE04EC0-301F-11D3-BF4B-00C04F79EFBC}") = "HackerNews.Test", "HackerNews.Test\HackerNews.Test.csproj", "{1F77D905-5368-4E39-AB65-6CB09732B40D}"
EndProject
Global
	GlobalSection(SolutionConfigurationPlatforms) = preSolution
		Debug|Any CPU = Debug|Any CPU
		Release|Any CPU = Release|Any CPU
	EndGlobalSection
	GlobalSection(ProjectConfigurationPlatforms) = postSolution
		{5911E294-AF14-40ED-9470-B089F5DE5227}.Debug|Any CPU.ActiveCfg = Debug|Any CPU
		{5911E294-AF14-40ED-9470-B089F5DE5227}.Debug|Any CPU.Build.0 = Debug|Any CPU
		{5911E294-AF14-40ED-9470-B089F5DE5227}.Release|Any CPU.ActiveCfg = Release|Any CPU
		{5911E294-AF14-40ED-9470-B089F5DE5227}.Release|Any CPU.Build.0 = Release|Any CPU
		{1F77D905-5368-4E39-AB65-6CB09732B40D}.Debug|Any CPU.ActiveCfg = Debug|Any CPU
		{1F77D905-5368-4E39-AB65-6CB09732B40D}.Debug|Any CPU.Build.0 = Debug|Any CPU
		{1F77D905-5368-4E39-AB65-6CB09732B40D}.Release|Any CPU.ActiveCfg = Release|Any CPU
		{1F77D905-5368-4E39-AB65-6CB09732B40D}.Release|Any CPU.Build.0 = Release|Any CPU
	EndGlobalSection
EndGlobal
